{
    "_readme": [
        "This file locks the dependencies of your project to a known state",
        "Read more about it at https://getcomposer.org/doc/01-basic-usage.md#installing-dependencies",
        "This file is @generated automatically"
    ],
    "content-hash": "46dbec0c412e91970707f12fbc07a1a7",
    "packages": [
        {
            "name": "bayfrontmedia/php-array-helpers",
            "version": "v1.3.0",
            "source": {
                "type": "git",
                "url": "https://github.com/bayfrontmedia/php-array-helpers.git",
                "reference": "8e78b154bc30d89db11a1a3e4602c4f860377754"
            },
            "dist": {
                "type": "zip",
                "url": "https://api.github.com/repos/bayfrontmedia/php-array-helpers/zipball/8e78b154bc30d89db11a1a3e4602c4f860377754",
                "reference": "8e78b154bc30d89db11a1a3e4602c4f860377754",
                "shasum": ""
            },
            "require": {
                "php": ">=7.1.0"
            },
            "type": "library",
            "autoload": {
                "psr-4": {
                    "Bayfront\\ArrayHelpers\\": "src/"
                }
            },
            "notification-url": "https://packagist.org/downloads/",
            "license": [
                "MIT"
            ],
            "authors": [
                {
                    "name": "John Robinson",
                    "email": "john@bayfrontmedia.com",
                    "homepage": "https://www.bayfrontmedia.com",
                    "role": "Developer"
                }
            ],
            "description": "Helper class to provide useful array functions.",
            "homepage": "https://github.com/bayfrontmedia/php-array-helpers",
            "keywords": [
                "array",
                "function",
                "helper",
                "helpers",
                "php"
            ],
            "support": {
                "issues": "https://github.com/bayfrontmedia/php-array-helpers/issues",
                "source": "https://github.com/bayfrontmedia/php-array-helpers/tree/v1.3.0"
            },
            "funding": [
                {
                    "url": "https://www.patreon.com/bayfrontmedia",
                    "type": "patreon"
                }
            ],
            "time": "2021-02-17T22:07:11+00:00"
        },
        {
            "name": "bayfrontmedia/php-http-request",
            "version": "v2.0.1",
            "source": {
                "type": "git",
                "url": "https://github.com/bayfrontmedia/php-http-request.git",
                "reference": "8103f6fed5ec4cc065c149ef4aeede5c7c55c044"
            },
            "dist": {
                "type": "zip",
                "url": "https://api.github.com/repos/bayfrontmedia/php-http-request/zipball/8103f6fed5ec4cc065c149ef4aeede5c7c55c044",
                "reference": "8103f6fed5ec4cc065c149ef4aeede5c7c55c044",
                "shasum": ""
            },
            "require": {
                "bayfrontmedia/php-array-helpers": "^1.2.0",
                "bayfrontmedia/php-validator": "^1.3.0",
                "php": ">=7.1.0"
            },
            "type": "library",
            "autoload": {
                "psr-4": {
                    "Bayfront\\HttpRequest\\": "src/"
                }
            },
            "notification-url": "https://packagist.org/downloads/",
            "license": [
                "MIT"
            ],
            "authors": [
                {
                    "name": "John Robinson",
                    "email": "john@bayfrontmedia.com",
                    "homepage": "https://www.bayfrontmedia.com",
                    "role": "Developer"
                }
            ],
            "description": "Easily handle data from incoming HTTP requests.",
            "homepage": "https://github.com/bayfrontmedia/php-http-request",
            "keywords": [
                "cookie",
                "delete",
                "get",
                "head",
                "header",
                "http",
                "method",
                "options",
                "patch",
                "php",
                "post",
                "put",
                "request",
                "server",
                "superglobal",
                "url"
            ],
            "support": {
                "issues": "https://github.com/bayfrontmedia/php-http-request/issues",
                "source": "https://github.com/bayfrontmedia/php-http-request/tree/v2.0.1"
            },
            "funding": [
                {
                    "url": "https://www.patreon.com/bayfrontmedia",
                    "type": "patreon"
                }
            ],
            "time": "2021-02-16T00:17:53+00:00"
        },
        {
            "name": "bayfrontmedia/php-http-response",
            "version": "v1.2.1",
            "source": {
                "type": "git",
                "url": "https://github.com/bayfrontmedia/php-http-response.git",
                "reference": "d12974bd7045e06b482914f9b52ce68d4657fdb4"
            },
            "dist": {
                "type": "zip",
                "url": "https://api.github.com/repos/bayfrontmedia/php-http-response/zipball/d12974bd7045e06b482914f9b52ce68d4657fdb4",
                "reference": "d12974bd7045e06b482914f9b52ce68d4657fdb4",
                "shasum": ""
            },
            "require": {
                "ext-json": "*",
                "php": ">=7.1.0"
            },
            "type": "library",
            "autoload": {
                "psr-4": {
                    "Bayfront\\HttpResponse\\": "src/"
                }
            },
            "notification-url": "https://packagist.org/downloads/",
            "license": [
                "MIT"
            ],
            "authors": [
                {
                    "name": "John Robinson",
                    "email": "john@bayfrontmedia.com",
                    "homepage": "https://www.bayfrontmedia.com",
                    "role": "Developer"
                }
            ],
            "description": "Easily send HTTP responses.",
            "homepage": "https://github.com/bayfrontmedia/php-http-response",
            "keywords": [
                "header",
                "http",
                "method",
                "php",
                "redirect",
                "response",
                "url"
            ],
            "support": {
                "issues": "https://github.com/bayfrontmedia/php-http-response/issues",
                "source": "https://github.com/bayfrontmedia/php-http-response/tree/v1.2.1"
            },
            "funding": [
                {
                    "url": "https://www.patreon.com/bayfrontmedia",
                    "type": "patreon"
                }
            ],
            "time": "2021-02-28T05:39:26+00:00"
        },
        {
            "name": "bayfrontmedia/php-string-helpers",
            "version": "v1.2.0",
            "source": {
                "type": "git",
                "url": "https://github.com/bayfrontmedia/php-string-helpers.git",
                "reference": "f7211331bf561feef903294d1215dc9444561af6"
            },
            "dist": {
                "type": "zip",
                "url": "https://api.github.com/repos/bayfrontmedia/php-string-helpers/zipball/f7211331bf561feef903294d1215dc9444561af6",
                "reference": "f7211331bf561feef903294d1215dc9444561af6",
                "shasum": ""
            },
            "require": {
                "ext-iconv": "*",
                "ext-mbstring": "*",
                "php": ">=7.1.0"
            },
            "type": "library",
            "autoload": {
                "psr-4": {
                    "Bayfront\\StringHelpers\\": "src/"
                }
            },
            "notification-url": "https://packagist.org/downloads/",
            "license": [
                "MIT"
            ],
            "authors": [
                {
                    "name": "John Robinson",
                    "email": "john@bayfrontmedia.com",
                    "homepage": "https://www.bayfrontmedia.com",
                    "role": "Developer"
                }
            ],
            "description": "Helper class to provide useful string functions.",
            "homepage": "https://github.com/bayfrontmedia/php-string-helpers",
            "keywords": [
                "function",
                "helper",
                "helpers",
                "php",
                "string"
            ],
            "support": {
                "issues": "https://github.com/bayfrontmedia/php-string-helpers/issues",
                "source": "https://github.com/bayfrontmedia/php-string-helpers/tree/v1.2.0"
            },
            "funding": [
                {
                    "url": "https://www.patreon.com/bayfrontmedia",
                    "type": "patreon"
                }
            ],
            "time": "2021-01-29T23:19:46+00:00"
        },
        {
            "name": "bayfrontmedia/php-validator",
            "version": "v1.3.0",
            "source": {
                "type": "git",
                "url": "https://github.com/bayfrontmedia/php-validator.git",
                "reference": "19d1fff3410172e103e74a707bd88d152580754f"
            },
            "dist": {
                "type": "zip",
                "url": "https://api.github.com/repos/bayfrontmedia/php-validator/zipball/19d1fff3410172e103e74a707bd88d152580754f",
                "reference": "19d1fff3410172e103e74a707bd88d152580754f",
                "shasum": ""
            },
            "require": {
                "bayfrontmedia/php-array-helpers": "^1.1.0",
                "ext-ctype": "*",
                "ext-json": "*",
                "php": ">=7.1.0"
            },
            "type": "library",
            "autoload": {
                "psr-4": {
                    "Bayfront\\Validator\\": "src/"
                }
            },
            "notification-url": "https://packagist.org/downloads/",
            "license": [
                "MIT"
            ],
            "authors": [
                {
                    "name": "John Robinson",
                    "email": "john@bayfrontmedia.com",
                    "homepage": "https://www.bayfrontmedia.com",
                    "role": "Developer"
                }
            ],
            "description": "Simple class used to validate a variety of data.",
            "homepage": "https://github.com/bayfrontmedia/php-validator",
            "keywords": [
                "numbers",
                "php",
                "strings",
                "types",
                "validate",
                "validator",
                "values"
            ],
            "support": {
                "issues": "https://github.com/bayfrontmedia/php-validator/issues",
                "source": "https://github.com/bayfrontmedia/php-validator/tree/v1.3.0"
            },
            "funding": [
                {
                    "url": "https://www.patreon.com/bayfrontmedia",
                    "type": "patreon"
                }
            ],
            "time": "2021-02-05T17:19:42+00:00"
        }
    ],
    "packages-dev": [],
    "aliases": [],
    "minimum-stability": "stable",
    "stability-flags": [],
    "prefer-stable": false,
    "prefer-lowest": false,
    "platform": {
        "php": ">=7.1.0",
        "ext-ctype": "*"
    },
    "platform-dev": [],
    "plugin-api-version": "2.0.0"
}
