{
    "_readme": [
        "This file locks the dependencies of your project to a known state",
        "Read more about it at https://getcomposer.org/doc/01-basic-usage.md#installing-dependencies",
        "This file is @generated automatically"
    ],
    "content-hash": "f8735572865148f92f25a284c47122ea",
    "packages": [
        {
            "name": "bayfrontmedia/php-array-helpers",
            "version": "v1.1.0",
            "source": {
                "type": "git",
                "url": "https://github.com/bayfrontmedia/php-array-helpers.git",
                "reference": "ac938e3b5a252960539e331075d86a1e38bb4264"
            },
            "dist": {
                "type": "zip",
                "url": "https://api.github.com/repos/bayfrontmedia/php-array-helpers/zipball/ac938e3b5a252960539e331075d86a1e38bb4264",
                "reference": "ac938e3b5a252960539e331075d86a1e38bb4264",
                "shasum": ""
            },
            "require": {
                "php": ">=7.1.0"
            },
            "type": "library",
            "autoload": {
                "psr-4": {
                    "Bayfront\\ArrayHelpers\\": "src/"
                }
            },
            "notification-url": "https://packagist.org/downloads/",
            "license": [
                "MIT"
            ],
            "authors": [
                {
                    "name": "John Robinson",
                    "email": "john@bayfrontmedia.com",
                    "homepage": "https://www.bayfrontmedia.com",
                    "role": "Developer"
                }
            ],
            "description": "Helper class to provide useful array functions.",
            "homepage": "https://github.com/bayfrontmedia/php-array-helpers",
            "keywords": [
                "array",
                "function",
                "helper",
                "helpers",
                "php"
            ],
            "support": {
                "issues": "https://github.com/bayfrontmedia/php-array-helpers/issues",
                "source": "https://github.com/bayfrontmedia/php-array-helpers/tree/v1.1.0"
            },
            "funding": [
                {
                    "url": "https://www.patreon.com/bayfrontmedia",
                    "type": "patreon"
                }
            ],
            "time": "2020-11-23T16:52:47+00:00"
        },
        {
            "name": "bayfrontmedia/php-http-request",
            "version": "v2.0.0",
            "source": {
                "type": "git",
                "url": "https://github.com/bayfrontmedia/php-http-request.git",
                "reference": "08823acbb7632e7f022586d39e665996174e1aa9"
            },
            "dist": {
                "type": "zip",
                "url": "https://api.github.com/repos/bayfrontmedia/php-http-request/zipball/08823acbb7632e7f022586d39e665996174e1aa9",
                "reference": "08823acbb7632e7f022586d39e665996174e1aa9",
                "shasum": ""
            },
            "require": {
                "bayfrontmedia/php-array-helpers": "^1.0.1",
                "bayfrontmedia/php-validator": "^1.0.0",
                "php": ">=7.1.0"
            },
            "type": "library",
            "autoload": {
                "psr-4": {
                    "Bayfront\\HttpRequest\\": "src/"
                }
            },
            "notification-url": "https://packagist.org/downloads/",
            "license": [
                "MIT"
            ],
            "authors": [
                {
                    "name": "John Robinson",
                    "email": "john@bayfrontmedia.com",
                    "homepage": "https://www.bayfrontmedia.com",
                    "role": "Developer"
                }
            ],
            "description": "Easily handle data from incoming HTTP requests.",
            "homepage": "https://github.com/bayfrontmedia/php-http-request",
            "keywords": [
                "cookie",
                "delete",
                "get",
                "head",
                "header",
                "http",
                "method",
                "options",
                "patch",
                "php",
                "post",
                "put",
                "request",
                "server",
                "superglobal",
                "url"
            ],
            "support": {
                "issues": "https://github.com/bayfrontmedia/php-http-request/issues",
                "source": "https://github.com/bayfrontmedia/php-http-request/tree/v2.0.0"
            },
            "funding": [
                {
                    "url": "https://www.patreon.com/bayfrontmedia",
                    "type": "patreon"
                }
            ],
            "time": "2020-11-06T16:24:50+00:00"
        },
        {
            "name": "bayfrontmedia/php-http-response",
            "version": "v1.2.0",
            "source": {
                "type": "git",
                "url": "https://github.com/bayfrontmedia/php-http-response.git",
                "reference": "173e05fb5104b8218328778cb2fefae684d029fd"
            },
            "dist": {
                "type": "zip",
                "url": "https://api.github.com/repos/bayfrontmedia/php-http-response/zipball/173e05fb5104b8218328778cb2fefae684d029fd",
                "reference": "173e05fb5104b8218328778cb2fefae684d029fd",
                "shasum": ""
            },
            "require": {
                "ext-json": "*",
                "php": ">=7.1.0"
            },
            "type": "library",
            "autoload": {
                "psr-4": {
                    "Bayfront\\HttpResponse\\": "src/"
                }
            },
            "notification-url": "https://packagist.org/downloads/",
            "license": [
                "MIT"
            ],
            "authors": [
                {
                    "name": "John Robinson",
                    "email": "john@bayfrontmedia.com",
                    "homepage": "https://www.bayfrontmedia.com",
                    "role": "Developer"
                }
            ],
            "description": "Easily send HTTP responses.",
            "homepage": "https://github.com/bayfrontmedia/php-http-response",
            "keywords": [
                "header",
                "http",
                "method",
                "php",
                "redirect",
                "response",
                "url"
            ],
            "support": {
                "issues": "https://github.com/bayfrontmedia/php-http-response/issues",
                "source": "https://github.com/bayfrontmedia/php-http-response/tree/v1.2.0"
            },
            "funding": [
                {
                    "url": "https://www.patreon.com/bayfrontmedia",
                    "type": "patreon"
                }
            ],
            "time": "2020-11-27T21:37:24+00:00"
        },
        {
            "name": "bayfrontmedia/php-string-helpers",
            "version": "1.0.0",
            "source": {
                "type": "git",
                "url": "https://github.com/bayfrontmedia/php-string-helpers.git",
                "reference": "e831a032d07559223b6014354cbdbdcb4a3c41fb"
            },
            "dist": {
                "type": "zip",
                "url": "https://api.github.com/repos/bayfrontmedia/php-string-helpers/zipball/e831a032d07559223b6014354cbdbdcb4a3c41fb",
                "reference": "e831a032d07559223b6014354cbdbdcb4a3c41fb",
                "shasum": ""
            },
            "require": {
                "ext-iconv": "*",
                "ext-mbstring": "*",
                "php": ">=7.1.0"
            },
            "type": "library",
            "autoload": {
                "psr-4": {
                    "Bayfront\\StringHelpers\\": "src/"
                }
            },
            "notification-url": "https://packagist.org/downloads/",
            "license": [
                "MIT"
            ],
            "authors": [
                {
                    "name": "John Robinson",
                    "email": "john@bayfrontmedia.com",
                    "homepage": "https://www.bayfrontmedia.com",
                    "role": "Developer"
                }
            ],
            "description": "Helper class to provide useful string functions.",
            "homepage": "https://github.com/bayfrontmedia/php-string-helpers",
            "keywords": [
                "function",
                "helper",
                "helpers",
                "php",
                "string"
            ],
            "support": {
                "issues": "https://github.com/bayfrontmedia/php-string-helpers/issues",
                "source": "https://github.com/bayfrontmedia/php-string-helpers/tree/v1.0.0"
            },
            "funding": [
                {
                    "url": "https://www.patreon.com/bayfrontmedia",
                    "type": "patreon"
                }
            ],
            "time": "2020-07-27T19:32:18+00:00"
        },
        {
            "name": "bayfrontmedia/php-validator",
            "version": "1.0.1",
            "source": {
                "type": "git",
                "url": "https://github.com/bayfrontmedia/php-validator.git",
                "reference": "f650e659f98f95c38b860271d53ede6169deec13"
            },
            "dist": {
                "type": "zip",
                "url": "https://api.github.com/repos/bayfrontmedia/php-validator/zipball/f650e659f98f95c38b860271d53ede6169deec13",
                "reference": "f650e659f98f95c38b860271d53ede6169deec13",
                "shasum": ""
            },
            "require": {
                "ext-ctype": "*",
                "ext-json": "*",
                "php": ">=7.1.0"
            },
            "type": "library",
            "autoload": {
                "psr-4": {
                    "Bayfront\\Validator\\": "src/"
                }
            },
            "notification-url": "https://packagist.org/downloads/",
            "license": [
                "MIT"
            ],
            "authors": [
                {
                    "name": "John Robinson",
                    "email": "john@bayfrontmedia.com",
                    "homepage": "https://www.bayfrontmedia.com",
                    "role": "Developer"
                }
            ],
            "description": "Simple class used to validate a variety of data.",
            "homepage": "https://github.com/bayfrontmedia/php-validator",
            "keywords": [
                "numbers",
                "php",
                "strings",
                "types",
                "validate",
                "validator",
                "values"
            ],
            "support": {
                "issues": "https://github.com/bayfrontmedia/php-validator/issues",
                "source": "https://github.com/bayfrontmedia/php-validator/tree/v1.0.1"
            },
            "funding": [
                {
                    "url": "https://www.patreon.com/bayfrontmedia",
                    "type": "patreon"
                }
            ],
            "time": "2020-09-15T01:30:26+00:00"
        }
    ],
    "packages-dev": [],
    "aliases": [],
    "minimum-stability": "stable",
    "stability-flags": [],
    "prefer-stable": false,
    "prefer-lowest": false,
    "platform": {
        "php": ">=7.1.0",
        "ext-ctype": "*"
    },
    "platform-dev": [],
    "plugin-api-version": "2.0.0"
}
